dependencies:
- name: postgresql
  repository: https://charts.bitnami.com/bitnami
  version: 15.5.21
- name: redis
  repository: https://charts.bitnami.com/bitnami
  version: 19.6.4
- name: vault
  repository: https://helm.releases.hashicorp.com
  version: 0.28.1
- name: cert-manager
  repository: https://charts.jetstack.io
  version: 1.16.2
digest: sha256:7d8f3f3a8c9b0e1a2b3c4d5e6f7a8b9c0d1e2f3a4b5c6d7e8f9a0b1c2d3e4f
generated: "2026-05-24T10:00:00Z"
